
Microsoft Visual Studio Solution File, Format Version 12.00
# Visual Studio Version 16
VisualStudioVersion = 16.0.30717.126
MinimumVisualStudioVersion = 10.0.40219.1
Project("{FAE04EC0-301F-11D3-BF4B-00C04F79EFBC}") = "MigrationCollection", "MigrationCollection\MigrationCollection.csproj", "{C5D2BCA8-F668-4AD4-83C9-BA2C01A96599}"
EndProject
Global
	GlobalSection(SolutionConfigurationPlatforms) = preSolution
		Debug|Any CPU = Debug|Any CPU
		Release|Any CPU = Release|Any CPU
	EndGlobalSection
	GlobalSection(ProjectConfigurationPlatforms) = postSolution
		{C5D2BCA8-F668-4AD4-83C9-BA2C01A96599}.Debug|Any CPU.ActiveCfg = Debug|Any CPU
		{C5D2BCA8-F668-4AD4-83C9-BA2C01A96599}.Debug|Any CPU.Build.0 = Debug|Any CPU
		{C5D2BCA8-F668-4AD4-83C9-BA2C01A96599}.Release|Any CPU.ActiveCfg = Release|Any CPU
		{C5D2BCA8-F668-4AD4-83C9-BA2C01A96599}.Release|Any CPU.Build.0 = Release|Any CPU
	EndGlobalSection
	GlobalSection(SolutionProperties) = preSolution
		HideSolutionNode = FALSE
	EndGlobalSection
	GlobalSection(ExtensibilityGlobals) = postSolution
		SolutionGuid = {DAFC7E05-1634-4EDB-80D5-31715AA77BD2}
	EndGlobalSection
EndGlobal
